
Microsoft Visual Studio Solution File, Format Version 12.00
# Visual Studio 15
VisualStudioVersion = 15.0.27130.2036
MinimumVisualStudioVersion = 10.0.40219.1
Project("{FAE04EC0-301F-11D3-BF4B-00C04F79EFBC}") = "Handin2.1", "Personkartotek\Handin2.1.csproj", "{29AA82F2-5B92-4241-86CB-7D3F069FC612}"
EndProject
Project("{FAE04EC0-301F-11D3-BF4B-00C04F79EFBC}") = "HandIn2_2RDB", "HandIn2_2RDB\HandIn2_2RDB.csproj", "{08904CEA-EB45-4155-8E14-034AC53B82B9}"
EndProject
Project("{FAE04EC0-301F-11D3-BF4B-00C04F79EFBC}") = "MainRDB", "MainRDB\MainRDB.csproj", "{E26CAFD1-9F9A-44AB-A0FE-9C5B84E8054F}"
EndProject
Global
	GlobalSection(SolutionConfigurationPlatforms) = preSolution
		Debug|Any CPU = Debug|Any CPU
		Release|Any CPU = Release|Any CPU
	EndGlobalSection
	GlobalSection(ProjectConfigurationPlatforms) = postSolution
		{29AA82F2-5B92-4241-86CB-7D3F069FC612}.Debug|Any CPU.ActiveCfg = Debug|Any CPU
		{29AA82F2-5B92-4241-86CB-7D3F069FC612}.Debug|Any CPU.Build.0 = Debug|Any CPU
		{29AA82F2-5B92-4241-86CB-7D3F069FC612}.Release|Any CPU.ActiveCfg = Release|Any CPU
		{29AA82F2-5B92-4241-86CB-7D3F069FC612}.Release|Any CPU.Build.0 = Release|Any CPU
		{08904CEA-EB45-4155-8E14-034AC53B82B9}.Debug|Any CPU.ActiveCfg = Debug|Any CPU
		{08904CEA-EB45-4155-8E14-034AC53B82B9}.Debug|Any CPU.Build.0 = Debug|Any CPU
		{08904CEA-EB45-4155-8E14-034AC53B82B9}.Release|Any CPU.ActiveCfg = Release|Any CPU
		{08904CEA-EB45-4155-8E14-034AC53B82B9}.Release|Any CPU.Build.0 = Release|Any CPU
		{E26CAFD1-9F9A-44AB-A0FE-9C5B84E8054F}.Debug|Any CPU.ActiveCfg = Debug|Any CPU
		{E26CAFD1-9F9A-44AB-A0FE-9C5B84E8054F}.Debug|Any CPU.Build.0 = Debug|Any CPU
		{E26CAFD1-9F9A-44AB-A0FE-9C5B84E8054F}.Release|Any CPU.ActiveCfg = Release|Any CPU
		{E26CAFD1-9F9A-44AB-A0FE-9C5B84E8054F}.Release|Any CPU.Build.0 = Release|Any CPU
	EndGlobalSection
	GlobalSection(SolutionProperties) = preSolution
		HideSolutionNode = FALSE
	EndGlobalSection
	GlobalSection(ExtensibilityGlobals) = postSolution
		SolutionGuid = {AC769CDA-129F-4E87-8518-AAC6A70D3042}
	EndGlobalSection
EndGlobal
